
Microsoft Visual Studio Solution File, Format Version 12.00
# Visual Studio Version 17
VisualStudioVersion = 17.12.35527.113
MinimumVisualStudioVersion = 10.0.40219.1
Project("{00D1A9C2-B5F0-4AF3-8072-F6C62B433612}") = "BaseDonnes", "BaseDonnes\BaseDonnes.sqlproj", "{6E23183E-83A4-48CC-8D37-FE7C6D074822}"
EndProject
Project("{FAE04EC0-301F-11D3-BF4B-00C04F79EFBC}") = "DAL", "DAL\DAL.csproj", "{78BD3058-1095-4124-A63D-A5D84CF10824}"
EndProject
Project("{FAE04EC0-301F-11D3-BF4B-00C04F79EFBC}") = "Common", "Common\Common.csproj", "{F472DB05-8670-4E83-959E-55CB532D5681}"
EndProject
Project("{FAE04EC0-301F-11D3-BF4B-00C04F79EFBC}") = "BLL", "BLL\BLL.csproj", "{2B8E1716-077F-499C-9BDD-A6BBFADCFF69}"
EndProject
Project("{FAE04EC0-301F-11D3-BF4B-00C04F79EFBC}") = "ConsoleTest", "ConsoleTest\ConsoleTest.csproj", "{55F2D097-F8E3-40D0-A35E-A53E1B9410AA}"
EndProject
Project("{FAE04EC0-301F-11D3-BF4B-00C04F79EFBC}") = "ProjetTest", "ProjetTestRecette\ProjetTest.csproj", "{34F1A89F-4978-4F78-BEC2-9F54E3B4EA96}"
EndProject
Global
	GlobalSection(SolutionConfigurationPlatforms) = preSolution
		Debug|Any CPU = Debug|Any CPU
		Release|Any CPU = Release|Any CPU
	EndGlobalSection
	GlobalSection(ProjectConfigurationPlatforms) = postSolution
		{6E23183E-83A4-48CC-8D37-FE7C6D074822}.Debug|Any CPU.ActiveCfg = Debug|Any CPU
		{6E23183E-83A4-48CC-8D37-FE7C6D074822}.Debug|Any CPU.Build.0 = Debug|Any CPU
		{6E23183E-83A4-48CC-8D37-FE7C6D074822}.Debug|Any CPU.Deploy.0 = Debug|Any CPU
		{6E23183E-83A4-48CC-8D37-FE7C6D074822}.Release|Any CPU.ActiveCfg = Release|Any CPU
		{6E23183E-83A4-48CC-8D37-FE7C6D074822}.Release|Any CPU.Build.0 = Release|Any CPU
		{6E23183E-83A4-48CC-8D37-FE7C6D074822}.Release|Any CPU.Deploy.0 = Release|Any CPU
		{78BD3058-1095-4124-A63D-A5D84CF10824}.Debug|Any CPU.ActiveCfg = Debug|Any CPU
		{78BD3058-1095-4124-A63D-A5D84CF10824}.Debug|Any CPU.Build.0 = Debug|Any CPU
		{78BD3058-1095-4124-A63D-A5D84CF10824}.Release|Any CPU.ActiveCfg = Release|Any CPU
		{78BD3058-1095-4124-A63D-A5D84CF10824}.Release|Any CPU.Build.0 = Release|Any CPU
		{F472DB05-8670-4E83-959E-55CB532D5681}.Debug|Any CPU.ActiveCfg = Debug|Any CPU
		{F472DB05-8670-4E83-959E-55CB532D5681}.Debug|Any CPU.Build.0 = Debug|Any CPU
		{F472DB05-8670-4E83-959E-55CB532D5681}.Release|Any CPU.ActiveCfg = Release|Any CPU
		{F472DB05-8670-4E83-959E-55CB532D5681}.Release|Any CPU.Build.0 = Release|Any CPU
		{2B8E1716-077F-499C-9BDD-A6BBFADCFF69}.Debug|Any CPU.ActiveCfg = Debug|Any CPU
		{2B8E1716-077F-499C-9BDD-A6BBFADCFF69}.Debug|Any CPU.Build.0 = Debug|Any CPU
		{2B8E1716-077F-499C-9BDD-A6BBFADCFF69}.Release|Any CPU.ActiveCfg = Release|Any CPU
		{2B8E1716-077F-499C-9BDD-A6BBFADCFF69}.Release|Any CPU.Build.0 = Release|Any CPU
		{55F2D097-F8E3-40D0-A35E-A53E1B9410AA}.Debug|Any CPU.ActiveCfg = Debug|Any CPU
		{55F2D097-F8E3-40D0-A35E-A53E1B9410AA}.Debug|Any CPU.Build.0 = Debug|Any CPU
		{55F2D097-F8E3-40D0-A35E-A53E1B9410AA}.Release|Any CPU.ActiveCfg = Release|Any CPU
		{55F2D097-F8E3-40D0-A35E-A53E1B9410AA}.Release|Any CPU.Build.0 = Release|Any CPU
		{34F1A89F-4978-4F78-BEC2-9F54E3B4EA96}.Debug|Any CPU.ActiveCfg = Debug|Any CPU
		{34F1A89F-4978-4F78-BEC2-9F54E3B4EA96}.Debug|Any CPU.Build.0 = Debug|Any CPU
		{34F1A89F-4978-4F78-BEC2-9F54E3B4EA96}.Release|Any CPU.ActiveCfg = Release|Any CPU
		{34F1A89F-4978-4F78-BEC2-9F54E3B4EA96}.Release|Any CPU.Build.0 = Release|Any CPU
	EndGlobalSection
	GlobalSection(SolutionProperties) = preSolution
		HideSolutionNode = FALSE
	EndGlobalSection
EndGlobal
